# This file is autogenerated, do not edit; changes may be undone by the next 'dep ensure'.


[[projects]]
  branch = "master"
  name = "github.com/golang/protobuf"
  packages = [
    "proto",
    "protoc-gen-go/descriptor",
    "protoc-gen-go/plugin"
  ]
  revision = "c65a0412e71e8b9b3bfd22925720d23c0f054237"

[solve-meta]
  analyzer-name = "dep"
  analyzer-version = 1
  inputs-digest = "682bf47ac067eda10c5fb4087f948d3b93f596b474dce0b0805a37bdfe2893d8"
  solver-name = "gps-cdcl"
  solver-version = 1
